// !$*UTF8*$!
{
	archiveVersion = 1;
	classes = {
	};
	objectVersion = 56;
	objects = {

/* Begin PBXBuildFile section */
		7036615B28EEEB7B0015667B /* AppDelegate.swift in Sources */ = {isa = PBXBuildFile; fileRef = 7036615A28EEEB7B0015667B /* AppDelegate.swift */; };
		7036615D28EEEB7B0015667B /* SceneDelegate.swift in Sources */ = {isa = PBXBuildFile; fileRef = 7036615C28EEEB7B0015667B /* SceneDelegate.swift */; };
		7036616528EEEB7B0015667B /* RateMovie.xcdatamodeld in Sources */ = {isa = PBXBuildFile; fileRef = 7036616328EEEB7B0015667B /* RateMovie.xcdatamodeld */; };
		7036616728EEEB7C0015667B /* Assets.xcassets in Resources */ = {isa = PBXBuildFile; fileRef = 7036616628EEEB7C0015667B /* Assets.xcassets */; };
		7036616A28EEEB7C0015667B /* LaunchScreen.storyboard in Resources */ = {isa = PBXBuildFile; fileRef = 7036616828EEEB7C0015667B /* LaunchScreen.storyboard */; };
		7036617528EEEB7D0015667B /* RateMovieTests.swift in Sources */ = {isa = PBXBuildFile; fileRef = 7036617428EEEB7D0015667B /* RateMovieTests.swift */; };
		7036617F28EEEB7D0015667B /* RateMovieUITests.swift in Sources */ = {isa = PBXBuildFile; fileRef = 7036617E28EEEB7D0015667B /* RateMovieUITests.swift */; };
		7036618128EEEB7D0015667B /* RateMovieUITestsLaunchTests.swift in Sources */ = {isa = PBXBuildFile; fileRef = 7036618028EEEB7D0015667B /* RateMovieUITestsLaunchTests.swift */; };
		7036618F28EEEFA80015667B /* TabBarController.swift in Sources */ = {isa = PBXBuildFile; fileRef = 7036618E28EEEFA80015667B /* TabBarController.swift */; };
		7036619228EEF03C0015667B /* RootViewController.swift in Sources */ = {isa = PBXBuildFile; fileRef = 7036619128EEF03B0015667B /* RootViewController.swift */; };
		703661A628EEF3E90015667B /* MovieFavouritesViewController.swift in Sources */ = {isa = PBXBuildFile; fileRef = 703661A428EEF3E90015667B /* MovieFavouritesViewController.swift */; };
		703661A728EEF3E90015667B /* MovieFavouritesViewController.xib in Resources */ = {isa = PBXBuildFile; fileRef = 703661A528EEF3E90015667B /* MovieFavouritesViewController.xib */; };
		703661AA28EEF8A70015667B /* MovieListViewController.swift in Sources */ = {isa = PBXBuildFile; fileRef = 703661A828EEF8A70015667B /* MovieListViewController.swift */; };
		703661AB28EEF8A70015667B /* MovieListViewController.xib in Resources */ = {isa = PBXBuildFile; fileRef = 703661A928EEF8A70015667B /* MovieListViewController.xib */; };
		703661AD28EEF9200015667B /* MovieListViewModel.swift in Sources */ = {isa = PBXBuildFile; fileRef = 703661AC28EEF9200015667B /* MovieListViewModel.swift */; };
		703661AF28EEF93F0015667B /* MovieFavouritesViewModel.swift in Sources */ = {isa = PBXBuildFile; fileRef = 703661AE28EEF93F0015667B /* MovieFavouritesViewModel.swift */; };
		703661BF28EF01CB0015667B /* Observable.swift in Sources */ = {isa = PBXBuildFile; fileRef = 703661BE28EF01CB0015667B /* Observable.swift */; };
		70F03F8428EFC49F00D016C9 /* MovieDetailsViewController.swift in Sources */ = {isa = PBXBuildFile; fileRef = 70F03F8228EFC49F00D016C9 /* MovieDetailsViewController.swift */; };
		70F03F8528EFC49F00D016C9 /* MovieDetailsViewController.xib in Resources */ = {isa = PBXBuildFile; fileRef = 70F03F8328EFC49F00D016C9 /* MovieDetailsViewController.xib */; };
		70F03F8728EFD95B00D016C9 /* MovieDetailsViewModel.swift in Sources */ = {isa = PBXBuildFile; fileRef = 70F03F8628EFD95B00D016C9 /* MovieDetailsViewModel.swift */; };
		70F03F8928F00BAB00D016C9 /* FetchMovieUseCase.swift in Sources */ = {isa = PBXBuildFile; fileRef = 70F03F8828F00BAB00D016C9 /* FetchMovieUseCase.swift */; };
		AEFEAF4A6DB7939A3CF3C92E /* libPods-RateMovieTests.a in Frameworks */ = {isa = PBXBuildFile; fileRef = 15CAF289D94F6BE2D8C7AD10 /* libPods-RateMovieTests.a */; };
		C72431CF2BA6C1400E56073E /* Pods_RateMovie.framework in Frameworks */ = {isa = PBXBuildFile; fileRef = ED9E2DAA9FE3B657E2ECFB8A /* Pods_RateMovie.framework */; };
		C8F230BDEDE5FFF21D05F3A7 /* libPods-RateMovieUITests.a in Frameworks */ = {isa = PBXBuildFile; fileRef = 714D0E89E59B3A80B916A08C /* libPods-RateMovieUITests.a */; };
		E622D28E2A758ED200A05ACD /* Endpoint.swift in Sources */ = {isa = PBXBuildFile; fileRef = E622D28D2A758ED200A05ACD /* Endpoint.swift */; };
		E622D2972A75943100A05ACD /* MovieListViewController+CollectionView.swift in Sources */ = {isa = PBXBuildFile; fileRef = E622D2962A75943100A05ACD /* MovieListViewController+CollectionView.swift */; };
		E622D2992A75953F00A05ACD /* MovieListViewController+CollectionDelegateFlowLayout.swift in Sources */ = {isa = PBXBuildFile; fileRef = E622D2982A75953F00A05ACD /* MovieListViewController+CollectionDelegateFlowLayout.swift */; };
		E622D29B2A75966600A05ACD /* MovieFavouritesViewController+TableView.swift in Sources */ = {isa = PBXBuildFile; fileRef = E622D29A2A75966600A05ACD /* MovieFavouritesViewController+TableView.swift */; };
		E622D2A32A75A08900A05ACD /* MovieDetailsViewController+CollectionView.swift in Sources */ = {isa = PBXBuildFile; fileRef = E622D2A22A75A08900A05ACD /* MovieDetailsViewController+CollectionView.swift */; };
		E622D2A52A75A13400A05ACD /* MovieDetailsViewController+CollectionDelegateFlowLayout.swift in Sources */ = {isa = PBXBuildFile; fileRef = E622D2A42A75A13400A05ACD /* MovieDetailsViewController+CollectionDelegateFlowLayout.swift */; };
		E622D2AD2A75A76900A05ACD /* Int+Extensions.swift in Sources */ = {isa = PBXBuildFile; fileRef = E622D2AC2A75A76900A05ACD /* Int+Extensions.swift */; };
		E63027122A7A5DAF00F7714D /* FetchMovieProtocolUseCase.swift in Sources */ = {isa = PBXBuildFile; fileRef = E63027112A7A5DAF00F7714D /* FetchMovieProtocolUseCase.swift */; };
		E63027182A7A5FD100F7714D /* FetchMovieIdSimilarProtocol.swift in Sources */ = {isa = PBXBuildFile; fileRef = E63027172A7A5FD100F7714D /* FetchMovieIdSimilarProtocol.swift */; };
		E630271A2A7A601600F7714D /* FetchMovieIdSimilarUseCase.swift in Sources */ = {isa = PBXBuildFile; fileRef = E63027192A7A601600F7714D /* FetchMovieIdSimilarUseCase.swift */; };
		E63027212A7A60FC00F7714D /* MovieFavoritesUseCaseProtocol.swift in Sources */ = {isa = PBXBuildFile; fileRef = E63027202A7A60FC00F7714D /* MovieFavoritesUseCaseProtocol.swift */; };
		E63027232A7A610F00F7714D /* DefaultMovieFavoritesUseCase.swift in Sources */ = {isa = PBXBuildFile; fileRef = E63027222A7A610F00F7714D /* DefaultMovieFavoritesUseCase.swift */; };
		E63027272A7A62B500F7714D /* MovieListRepositoryInterface.swift in Sources */ = {isa = PBXBuildFile; fileRef = E63027262A7A62B500F7714D /* MovieListRepositoryInterface.swift */; };
		E63027292A7A636600F7714D /* DefaultMovieListRepository.swift in Sources */ = {isa = PBXBuildFile; fileRef = E63027282A7A636600F7714D /* DefaultMovieListRepository.swift */; };
		E630272C2A7A643000F7714D /* MovieListRemoteInterface.swift in Sources */ = {isa = PBXBuildFile; fileRef = E630272B2A7A643000F7714D /* MovieListRemoteInterface.swift */; };
		E630272E2A7A648D00F7714D /* MovieListRemote.swift in Sources */ = {isa = PBXBuildFile; fileRef = E630272D2A7A648D00F7714D /* MovieListRemote.swift */; };
		E63027382A7A692C00F7714D /* MovieFavouritesInterface.swift in Sources */ = {isa = PBXBuildFile; fileRef = E63027372A7A692C00F7714D /* MovieFavouritesInterface.swift */; };
		E630273A2A7A699200F7714D /* DefaultMovieFavouritesRepository.swift in Sources */ = {isa = PBXBuildFile; fileRef = E63027392A7A699200F7714D /* DefaultMovieFavouritesRepository.swift */; };
		E630273E2A7A72AD00F7714D /* MovieDetailsRepositoryInterface.swift in Sources */ = {isa = PBXBuildFile; fileRef = E630273D2A7A72AD00F7714D /* MovieDetailsRepositoryInterface.swift */; };
		E63027402A7A72BC00F7714D /* DefaultMovieDetailsRepository.swift in Sources */ = {isa = PBXBuildFile; fileRef = E630273F2A7A72BC00F7714D /* DefaultMovieDetailsRepository.swift */; };
		E63027432A7A73B900F7714D /* MovieDetailsRemoteInterface.swift in Sources */ = {isa = PBXBuildFile; fileRef = E63027422A7A73B900F7714D /* MovieDetailsRemoteInterface.swift */; };
		E63027452A7A73CF00F7714D /* MovieDetailsRemote.swift in Sources */ = {isa = PBXBuildFile; fileRef = E63027442A7A73CF00F7714D /* MovieDetailsRemote.swift */; };
		E6575B6B2A76967700D2C83F /* CoreDataStorage.swift in Sources */ = {isa = PBXBuildFile; fileRef = E6575B6A2A76967700D2C83F /* CoreDataStorage.swift */; };
		E6575B6D2A76973400D2C83F /* CoreDataStorageError.swift in Sources */ = {isa = PBXBuildFile; fileRef = E6575B6C2A76973400D2C83F /* CoreDataStorageError.swift */; };
		E6575B722A76989200D2C83F /* LocalMovieRepository.swift in Sources */ = {isa = PBXBuildFile; fileRef = E6575B712A76989200D2C83F /* LocalMovieRepository.swift */; };
		E6575B742A76992000D2C83F /* DefaultMovieLocalRepository.swift in Sources */ = {isa = PBXBuildFile; fileRef = E6575B732A76992000D2C83F /* DefaultMovieLocalRepository.swift */; };
		E6575B772A7699D000D2C83F /* CoreDataMovieDataStorage.swift in Sources */ = {isa = PBXBuildFile; fileRef = E6575B762A7699D000D2C83F /* CoreDataMovieDataStorage.swift */; };
		E6575B7A2A769C1300D2C83F /* MoviesFavouritesModel+Mapping.swift in Sources */ = {isa = PBXBuildFile; fileRef = E6575B792A769C1300D2C83F /* MoviesFavouritesModel+Mapping.swift */; };
		E6575B7C2A769DAA00D2C83F /* MoviesFavourite+DTO.swift in Sources */ = {isa = PBXBuildFile; fileRef = E6575B7B2A769DAA00D2C83F /* MoviesFavourite+DTO.swift */; };
/* End PBXBuildFile section */

/* Begin PBXContainerItemProxy section */
		7036617128EEEB7D0015667B /* PBXContainerItemProxy */ = {
			isa = PBXContainerItemProxy;
			containerPortal = 7036614F28EEEB7B0015667B /* Project object */;
			proxyType = 1;
			remoteGlobalIDString = 7036615628EEEB7B0015667B;
			remoteInfo = RateMovie;
		};
		7036617B28EEEB7D0015667B /* PBXContainerItemProxy */ = {
			isa = PBXContainerItemProxy;
			containerPortal = 7036614F28EEEB7B0015667B /* Project object */;
			proxyType = 1;
			remoteGlobalIDString = 7036615628EEEB7B0015667B;
			remoteInfo = RateMovie;
		};
/* End PBXContainerItemProxy section */

/* Begin PBXFileReference section */
		0A4ECA505CCE8C070BA62FEC /* Pods-RateMovie-RateMovieUITests.release.xcconfig */ = {isa = PBXFileReference; includeInIndex = 1; lastKnownFileType = text.xcconfig; name = "Pods-RateMovie-RateMovieUITests.release.xcconfig"; path = "Target Support Files/Pods-RateMovie-RateMovieUITests/Pods-RateMovie-RateMovieUITests.release.xcconfig"; sourceTree = "<group>"; };
		15CAF289D94F6BE2D8C7AD10 /* libPods-RateMovieTests.a */ = {isa = PBXFileReference; explicitFileType = archive.ar; includeInIndex = 0; path = "libPods-RateMovieTests.a"; sourceTree = BUILT_PRODUCTS_DIR; };
		3059A8FD06899322D6E624FD /* Pods-RateMovie-RateMovieUITests.debug.xcconfig */ = {isa = PBXFileReference; includeInIndex = 1; lastKnownFileType = text.xcconfig; name = "Pods-RateMovie-RateMovieUITests.debug.xcconfig"; path = "Target Support Files/Pods-RateMovie-RateMovieUITests/Pods-RateMovie-RateMovieUITests.debug.xcconfig"; sourceTree = "<group>"; };
		3D8B4790950A62A636887314 /* Pods-RateMovieTests.release.xcconfig */ = {isa = PBXFileReference; includeInIndex = 1; lastKnownFileType = text.xcconfig; name = "Pods-RateMovieTests.release.xcconfig"; path = "Target Support Files/Pods-RateMovieTests/Pods-RateMovieTests.release.xcconfig"; sourceTree = "<group>"; };
		4A4688B223B93509E1AC8BD1 /* Pods-RateMovieTests.debug.xcconfig */ = {isa = PBXFileReference; includeInIndex = 1; lastKnownFileType = text.xcconfig; name = "Pods-RateMovieTests.debug.xcconfig"; path = "Target Support Files/Pods-RateMovieTests/Pods-RateMovieTests.debug.xcconfig"; sourceTree = "<group>"; };
		7036615728EEEB7B0015667B /* RateMovie.app */ = {isa = PBXFileReference; explicitFileType = wrapper.application; includeInIndex = 0; path = RateMovie.app; sourceTree = BUILT_PRODUCTS_DIR; };
		7036615A28EEEB7B0015667B /* AppDelegate.swift */ = {isa = PBXFileReference; lastKnownFileType = sourcecode.swift; path = AppDelegate.swift; sourceTree = "<group>"; };
		7036615C28EEEB7B0015667B /* SceneDelegate.swift */ = {isa = PBXFileReference; lastKnownFileType = sourcecode.swift; path = SceneDelegate.swift; sourceTree = "<group>"; };
		7036616428EEEB7B0015667B /* RateMovie.xcdatamodel */ = {isa = PBXFileReference; lastKnownFileType = wrapper.xcdatamodel; path = RateMovie.xcdatamodel; sourceTree = "<group>"; };
		7036616628EEEB7C0015667B /* Assets.xcassets */ = {isa = PBXFileReference; lastKnownFileType = folder.assetcatalog; path = Assets.xcassets; sourceTree = "<group>"; };
		7036616928EEEB7C0015667B /* Base */ = {isa = PBXFileReference; lastKnownFileType = file.storyboard; name = Base; path = Base.lproj/LaunchScreen.storyboard; sourceTree = "<group>"; };
		7036616B28EEEB7C0015667B /* Info.plist */ = {isa = PBXFileReference; lastKnownFileType = text.plist.xml; path = Info.plist; sourceTree = "<group>"; };
		7036617028EEEB7D0015667B /* RateMovieTests.xctest */ = {isa = PBXFileReference; explicitFileType = wrapper.cfbundle; includeInIndex = 0; path = RateMovieTests.xctest; sourceTree = BUILT_PRODUCTS_DIR; };
		7036617428EEEB7D0015667B /* RateMovieTests.swift */ = {isa = PBXFileReference; lastKnownFileType = sourcecode.swift; path = RateMovieTests.swift; sourceTree = "<group>"; };
		7036617A28EEEB7D0015667B /* RateMovieUITests.xctest */ = {isa = PBXFileReference; explicitFileType = wrapper.cfbundle; includeInIndex = 0; path = RateMovieUITests.xctest; sourceTree = BUILT_PRODUCTS_DIR; };
		7036617E28EEEB7D0015667B /* RateMovieUITests.swift */ = {isa = PBXFileReference; lastKnownFileType = sourcecode.swift; path = RateMovieUITests.swift; sourceTree = "<group>"; };
		7036618028EEEB7D0015667B /* RateMovieUITestsLaunchTests.swift */ = {isa = PBXFileReference; lastKnownFileType = sourcecode.swift; path = RateMovieUITestsLaunchTests.swift; sourceTree = "<group>"; };
		7036618E28EEEFA80015667B /* TabBarController.swift */ = {isa = PBXFileReference; indentWidth = 2; lastKnownFileType = sourcecode.swift; path = TabBarController.swift; sourceTree = "<group>"; tabWidth = 2; };
		7036619128EEF03B0015667B /* RootViewController.swift */ = {isa = PBXFileReference; indentWidth = 2; lastKnownFileType = sourcecode.swift; path = RootViewController.swift; sourceTree = "<group>"; tabWidth = 2; };
		703661A428EEF3E90015667B /* MovieFavouritesViewController.swift */ = {isa = PBXFileReference; lastKnownFileType = sourcecode.swift; path = MovieFavouritesViewController.swift; sourceTree = "<group>"; };
		703661A528EEF3E90015667B /* MovieFavouritesViewController.xib */ = {isa = PBXFileReference; lastKnownFileType = file.xib; path = MovieFavouritesViewController.xib; sourceTree = "<group>"; };
		703661A828EEF8A70015667B /* MovieListViewController.swift */ = {isa = PBXFileReference; lastKnownFileType = sourcecode.swift; path = MovieListViewController.swift; sourceTree = "<group>"; };
		703661A928EEF8A70015667B /* MovieListViewController.xib */ = {isa = PBXFileReference; lastKnownFileType = file.xib; path = MovieListViewController.xib; sourceTree = "<group>"; };
		703661AC28EEF9200015667B /* MovieListViewModel.swift */ = {isa = PBXFileReference; lastKnownFileType = sourcecode.swift; path = MovieListViewModel.swift; sourceTree = "<group>"; };
		703661AE28EEF93F0015667B /* MovieFavouritesViewModel.swift */ = {isa = PBXFileReference; lastKnownFileType = sourcecode.swift; path = MovieFavouritesViewModel.swift; sourceTree = "<group>"; };
		703661BE28EF01CB0015667B /* Observable.swift */ = {isa = PBXFileReference; indentWidth = 2; lastKnownFileType = sourcecode.swift; path = Observable.swift; sourceTree = "<group>"; tabWidth = 2; };
		70F03F8228EFC49F00D016C9 /* MovieDetailsViewController.swift */ = {isa = PBXFileReference; lastKnownFileType = sourcecode.swift; path = MovieDetailsViewController.swift; sourceTree = "<group>"; };
		70F03F8328EFC49F00D016C9 /* MovieDetailsViewController.xib */ = {isa = PBXFileReference; lastKnownFileType = file.xib; path = MovieDetailsViewController.xib; sourceTree = "<group>"; };
		70F03F8628EFD95B00D016C9 /* MovieDetailsViewModel.swift */ = {isa = PBXFileReference; lastKnownFileType = sourcecode.swift; path = MovieDetailsViewModel.swift; sourceTree = "<group>"; };
		70F03F8828F00BAB00D016C9 /* FetchMovieUseCase.swift */ = {isa = PBXFileReference; lastKnownFileType = sourcecode.swift; path = FetchMovieUseCase.swift; sourceTree = "<group>"; };
		714D0E89E59B3A80B916A08C /* libPods-RateMovieUITests.a */ = {isa = PBXFileReference; explicitFileType = archive.ar; includeInIndex = 0; path = "libPods-RateMovieUITests.a"; sourceTree = BUILT_PRODUCTS_DIR; };
		764E0DB24ACC80231846F8B3 /* Pods-RateMovieUITests.debug.xcconfig */ = {isa = PBXFileReference; includeInIndex = 1; lastKnownFileType = text.xcconfig; name = "Pods-RateMovieUITests.debug.xcconfig"; path = "Target Support Files/Pods-RateMovieUITests/Pods-RateMovieUITests.debug.xcconfig"; sourceTree = "<group>"; };
		911B5078D081B6730056446B /* Pods-RateMovieUITests.release.xcconfig */ = {isa = PBXFileReference; includeInIndex = 1; lastKnownFileType = text.xcconfig; name = "Pods-RateMovieUITests.release.xcconfig"; path = "Target Support Files/Pods-RateMovieUITests/Pods-RateMovieUITests.release.xcconfig"; sourceTree = "<group>"; };
		9C34127375FDC9AB6506AD00 /* Pods-RateMovie.release.xcconfig */ = {isa = PBXFileReference; includeInIndex = 1; lastKnownFileType = text.xcconfig; name = "Pods-RateMovie.release.xcconfig"; path = "Target Support Files/Pods-RateMovie/Pods-RateMovie.release.xcconfig"; sourceTree = "<group>"; };
		E5A9389B7E8575041001DC5E /* Pods-RateMovie.debug.xcconfig */ = {isa = PBXFileReference; includeInIndex = 1; lastKnownFileType = text.xcconfig; name = "Pods-RateMovie.debug.xcconfig"; path = "Target Support Files/Pods-RateMovie/Pods-RateMovie.debug.xcconfig"; sourceTree = "<group>"; };
		E622D28D2A758ED200A05ACD /* Endpoint.swift */ = {isa = PBXFileReference; lastKnownFileType = sourcecode.swift; path = Endpoint.swift; sourceTree = "<group>"; };
		E622D2962A75943100A05ACD /* MovieListViewController+CollectionView.swift */ = {isa = PBXFileReference; lastKnownFileType = sourcecode.swift; path = "MovieListViewController+CollectionView.swift"; sourceTree = "<group>"; };
		E622D2982A75953F00A05ACD /* MovieListViewController+CollectionDelegateFlowLayout.swift */ = {isa = PBXFileReference; lastKnownFileType = sourcecode.swift; path = "MovieListViewController+CollectionDelegateFlowLayout.swift"; sourceTree = "<group>"; };
		E622D29A2A75966600A05ACD /* MovieFavouritesViewController+TableView.swift */ = {isa = PBXFileReference; lastKnownFileType = sourcecode.swift; path = "MovieFavouritesViewController+TableView.swift"; sourceTree = "<group>"; };
		E622D2A22A75A08900A05ACD /* MovieDetailsViewController+CollectionView.swift */ = {isa = PBXFileReference; lastKnownFileType = sourcecode.swift; path = "MovieDetailsViewController+CollectionView.swift"; sourceTree = "<group>"; };
		E622D2A42A75A13400A05ACD /* MovieDetailsViewController+CollectionDelegateFlowLayout.swift */ = {isa = PBXFileReference; lastKnownFileType = sourcecode.swift; path = "MovieDetailsViewController+CollectionDelegateFlowLayout.swift"; sourceTree = "<group>"; };
		E622D2AC2A75A76900A05ACD /* Int+Extensions.swift */ = {isa = PBXFileReference; lastKnownFileType = sourcecode.swift; path = "Int+Extensions.swift"; sourceTree = "<group>"; };
		E63027112A7A5DAF00F7714D /* FetchMovieProtocolUseCase.swift */ = {isa = PBXFileReference; lastKnownFileType = sourcecode.swift; path = FetchMovieProtocolUseCase.swift; sourceTree = "<group>"; };
		E63027172A7A5FD100F7714D /* FetchMovieIdSimilarProtocol.swift */ = {isa = PBXFileReference; lastKnownFileType = sourcecode.swift; path = FetchMovieIdSimilarProtocol.swift; sourceTree = "<group>"; };
		E63027192A7A601600F7714D /* FetchMovieIdSimilarUseCase.swift */ = {isa = PBXFileReference; lastKnownFileType = sourcecode.swift; path = FetchMovieIdSimilarUseCase.swift; sourceTree = "<group>"; };
		E63027202A7A60FC00F7714D /* MovieFavoritesUseCaseProtocol.swift */ = {isa = PBXFileReference; lastKnownFileType = sourcecode.swift; path = MovieFavoritesUseCaseProtocol.swift; sourceTree = "<group>"; };
		E63027222A7A610F00F7714D /* DefaultMovieFavoritesUseCase.swift */ = {isa = PBXFileReference; lastKnownFileType = sourcecode.swift; path = DefaultMovieFavoritesUseCase.swift; sourceTree = "<group>"; };
		E63027262A7A62B500F7714D /* MovieListRepositoryInterface.swift */ = {isa = PBXFileReference; lastKnownFileType = sourcecode.swift; path = MovieListRepositoryInterface.swift; sourceTree = "<group>"; };
		E63027282A7A636600F7714D /* DefaultMovieListRepository.swift */ = {isa = PBXFileReference; lastKnownFileType = sourcecode.swift; path = DefaultMovieListRepository.swift; sourceTree = "<group>"; };
		E630272B2A7A643000F7714D /* MovieListRemoteInterface.swift */ = {isa = PBXFileReference; lastKnownFileType = sourcecode.swift; path = MovieListRemoteInterface.swift; sourceTree = "<group>"; };
		E630272D2A7A648D00F7714D /* MovieListRemote.swift */ = {isa = PBXFileReference; lastKnownFileType = sourcecode.swift; path = MovieListRemote.swift; sourceTree = "<group>"; };
		E63027372A7A692C00F7714D /* MovieFavouritesInterface.swift */ = {isa = PBXFileReference; lastKnownFileType = sourcecode.swift; path = MovieFavouritesInterface.swift; sourceTree = "<group>"; };
		E63027392A7A699200F7714D /* DefaultMovieFavouritesRepository.swift */ = {isa = PBXFileReference; lastKnownFileType = sourcecode.swift; path = DefaultMovieFavouritesRepository.swift; sourceTree = "<group>"; };
		E630273D2A7A72AD00F7714D /* MovieDetailsRepositoryInterface.swift */ = {isa = PBXFileReference; lastKnownFileType = sourcecode.swift; path = MovieDetailsRepositoryInterface.swift; sourceTree = "<group>"; };
		E630273F2A7A72BC00F7714D /* DefaultMovieDetailsRepository.swift */ = {isa = PBXFileReference; lastKnownFileType = sourcecode.swift; path = DefaultMovieDetailsRepository.swift; sourceTree = "<group>"; };
		E63027422A7A73B900F7714D /* MovieDetailsRemoteInterface.swift */ = {isa = PBXFileReference; lastKnownFileType = sourcecode.swift; path = MovieDetailsRemoteInterface.swift; sourceTree = "<group>"; };
		E63027442A7A73CF00F7714D /* MovieDetailsRemote.swift */ = {isa = PBXFileReference; lastKnownFileType = sourcecode.swift; path = MovieDetailsRemote.swift; sourceTree = "<group>"; };
		E6575B6A2A76967700D2C83F /* CoreDataStorage.swift */ = {isa = PBXFileReference; lastKnownFileType = sourcecode.swift; path = CoreDataStorage.swift; sourceTree = "<group>"; };
		E6575B6C2A76973400D2C83F /* CoreDataStorageError.swift */ = {isa = PBXFileReference; lastKnownFileType = sourcecode.swift; path = CoreDataStorageError.swift; sourceTree = "<group>"; };
		E6575B712A76989200D2C83F /* LocalMovieRepository.swift */ = {isa = PBXFileReference; lastKnownFileType = sourcecode.swift; path = LocalMovieRepository.swift; sourceTree = "<group>"; };
		E6575B732A76992000D2C83F /* DefaultMovieLocalRepository.swift */ = {isa = PBXFileReference; lastKnownFileType = sourcecode.swift; path = DefaultMovieLocalRepository.swift; sourceTree = "<group>"; };
		E6575B762A7699D000D2C83F /* CoreDataMovieDataStorage.swift */ = {isa = PBXFileReference; lastKnownFileType = sourcecode.swift; path = CoreDataMovieDataStorage.swift; sourceTree = "<group>"; };
		E6575B792A769C1300D2C83F /* MoviesFavouritesModel+Mapping.swift */ = {isa = PBXFileReference; lastKnownFileType = sourcecode.swift; path = "MoviesFavouritesModel+Mapping.swift"; sourceTree = "<group>"; };
		E6575B7B2A769DAA00D2C83F /* MoviesFavourite+DTO.swift */ = {isa = PBXFileReference; lastKnownFileType = sourcecode.swift; path = "MoviesFavourite+DTO.swift"; sourceTree = "<group>"; };
		ED9E2DAA9FE3B657E2ECFB8A /* Pods_RateMovie.framework */ = {isa = PBXFileReference; explicitFileType = wrapper.framework; includeInIndex = 0; path = Pods_RateMovie.framework; sourceTree = BUILT_PRODUCTS_DIR; };
/* End PBXFileReference section */

/* Begin PBXFrameworksBuildPhase section */
		7036615428EEEB7B0015667B /* Frameworks */ = {
			isa = PBXFrameworksBuildPhase;
			buildActionMask = 2147483647;
			files = (
				C72431CF2BA6C1400E56073E /* Pods_RateMovie.framework in Frameworks */,
			);
			runOnlyForDeploymentPostprocessing = 0;
		};
		7036616D28EEEB7D0015667B /* Frameworks */ = {
			isa = PBXFrameworksBuildPhase;
			buildActionMask = 2147483647;
			files = (
				AEFEAF4A6DB7939A3CF3C92E /* libPods-RateMovieTests.a in Frameworks */,
			);
			runOnlyForDeploymentPostprocessing = 0;
		};
		7036617728EEEB7D0015667B /* Frameworks */ = {
			isa = PBXFrameworksBuildPhase;
			buildActionMask = 2147483647;
			files = (
				C8F230BDEDE5FFF21D05F3A7 /* libPods-RateMovieUITests.a in Frameworks */,
			);
			runOnlyForDeploymentPostprocessing = 0;
		};
/* End PBXFrameworksBuildPhase section */

/* Begin PBXGroup section */
		7036614E28EEEB7B0015667B = {
			isa = PBXGroup;
			children = (
				7036615928EEEB7B0015667B /* RateMovie */,
				703661BC28EF019F0015667B /* RateMovieComponents */,
				7036617328EEEB7D0015667B /* RateMovieTests */,
				7036617D28EEEB7D0015667B /* RateMovieUITests */,
				7036615828EEEB7B0015667B /* Products */,
				D326A7BCF2BED33D09CC1243 /* Pods */,
				AAEDC7522C9E207E19CCC421 /* Frameworks */,
			);
			sourceTree = "<group>";
		};
		7036615828EEEB7B0015667B /* Products */ = {
			isa = PBXGroup;
			children = (
				7036615728EEEB7B0015667B /* RateMovie.app */,
				7036617028EEEB7D0015667B /* RateMovieTests.xctest */,
				7036617A28EEEB7D0015667B /* RateMovieUITests.xctest */,
			);
			name = Products;
			sourceTree = "<group>";
		};
		7036615928EEEB7B0015667B /* RateMovie */ = {
			isa = PBXGroup;
			children = (
				E63027462A7A78F700F7714D /* RMNetworking */,
				E630270B2A7A54D300F7714D /* RMDataModels */,
				E65BD11D2A79F50500CEEC36 /* RMUtilitiesDataKit */,
				E6575B682A76962200D2C83F /* RMManager */,
				7036618D28EEEEFE0015667B /* Presentation */,
				703661BA28EEFD1D0015667B /* Applications */,
				7036616628EEEB7C0015667B /* Assets.xcassets */,
				7036616828EEEB7C0015667B /* LaunchScreen.storyboard */,
				7036616B28EEEB7C0015667B /* Info.plist */,
			);
			path = RateMovie;
			sourceTree = "<group>";
		};
		7036617328EEEB7D0015667B /* RateMovieTests */ = {
			isa = PBXGroup;
			children = (
				7036617428EEEB7D0015667B /* RateMovieTests.swift */,
			);
			path = RateMovieTests;
			sourceTree = "<group>";
		};
		7036617D28EEEB7D0015667B /* RateMovieUITests */ = {
			isa = PBXGroup;
			children = (
				7036617E28EEEB7D0015667B /* RateMovieUITests.swift */,
				7036618028EEEB7D0015667B /* RateMovieUITestsLaunchTests.swift */,
			);
			path = RateMovieUITests;
			sourceTree = "<group>";
		};
		7036618D28EEEEFE0015667B /* Presentation */ = {
			isa = PBXGroup;
			children = (
				7036619028EEF0210015667B /* BaseScene */,
				7036619628EEF2780015667B /* MovieScene */,
			);
			path = Presentation;
			sourceTree = "<group>";
		};
		7036619028EEF0210015667B /* BaseScene */ = {
			isa = PBXGroup;
			children = (
				7036619128EEF03B0015667B /* RootViewController.swift */,
				7036618E28EEEFA80015667B /* TabBarController.swift */,
			);
			path = BaseScene;
			sourceTree = "<group>";
		};
		7036619628EEF2780015667B /* MovieScene */ = {
			isa = PBXGroup;
			children = (
				7036619728EEF2AB0015667B /* MovieList */,
				703661A128EEF3730015667B /* MovieFavourites */,
				7036619C28EEF3290015667B /* MovieDetails */,
			);
			path = MovieScene;
			sourceTree = "<group>";
		};
		7036619728EEF2AB0015667B /* MovieList */ = {
			isa = PBXGroup;
			children = (
				E630270D2A7A5BE700F7714D /* Presentation */,
				E630270E2A7A5CD900F7714D /* Domain */,
				E63027242A7A61A900F7714D /* Data */,
			);
			path = MovieList;
			sourceTree = "<group>";
		};
		7036619828EEF2C80015667B /* ViewModel */ = {
			isa = PBXGroup;
			children = (
				703661AC28EEF9200015667B /* MovieListViewModel.swift */,
			);
			path = ViewModel;
			sourceTree = "<group>";
		};
		7036619C28EEF3290015667B /* MovieDetails */ = {
			isa = PBXGroup;
			children = (
				E63027132A7A5DD900F7714D /* Presentation */,
				E63027142A7A5DF600F7714D /* Domain */,
				E630273B2A7A714700F7714D /* Data */,
			);
			path = MovieDetails;
			sourceTree = "<group>";
		};
		7036619D28EEF33B0015667B /* ViewModel */ = {
			isa = PBXGroup;
			children = (
				70F03F8628EFD95B00D016C9 /* MovieDetailsViewModel.swift */,
			);
			path = ViewModel;
			sourceTree = "<group>";
		};
		703661A128EEF3730015667B /* MovieFavourites */ = {
			isa = PBXGroup;
			children = (
				E630271B2A7A604700F7714D /* Presentation */,
				E630271D2A7A609E00F7714D /* Domain */,
				E63027342A7A68BE00F7714D /* Data */,
			);
			path = MovieFavourites;
			sourceTree = "<group>";
		};
		703661A228EEF3810015667B /* ViewModel */ = {
			isa = PBXGroup;
			children = (
				703661AE28EEF93F0015667B /* MovieFavouritesViewModel.swift */,
			);
			path = ViewModel;
			sourceTree = "<group>";
		};
		703661A328EEF38D0015667B /* Controller */ = {
			isa = PBXGroup;
			children = (
				E630271C2A7A608700F7714D /* View */,
				703661A428EEF3E90015667B /* MovieFavouritesViewController.swift */,
				E622D29A2A75966600A05ACD /* MovieFavouritesViewController+TableView.swift */,
			);
			path = Controller;
			sourceTree = "<group>";
		};
		703661BA28EEFD1D0015667B /* Applications */ = {
			isa = PBXGroup;
			children = (
				7036615A28EEEB7B0015667B /* AppDelegate.swift */,
				7036615C28EEEB7B0015667B /* SceneDelegate.swift */,
			);
			path = Applications;
			sourceTree = "<group>";
		};
		703661BC28EF019F0015667B /* RateMovieComponents */ = {
			isa = PBXGroup;
			children = (
				703661BD28EF01BD0015667B /* Observable */,
			);
			path = RateMovieComponents;
			sourceTree = "<group>";
		};
		703661BD28EF01BD0015667B /* Observable */ = {
			isa = PBXGroup;
			children = (
				703661BE28EF01CB0015667B /* Observable.swift */,
			);
			path = Observable;
			sourceTree = "<group>";
		};
		AAEDC7522C9E207E19CCC421 /* Frameworks */ = {
			isa = PBXGroup;
			children = (
				ED9E2DAA9FE3B657E2ECFB8A /* Pods_RateMovie.framework */,
				15CAF289D94F6BE2D8C7AD10 /* libPods-RateMovieTests.a */,
				714D0E89E59B3A80B916A08C /* libPods-RateMovieUITests.a */,
			);
			name = Frameworks;
			sourceTree = "<group>";
		};
		D326A7BCF2BED33D09CC1243 /* Pods */ = {
			isa = PBXGroup;
			children = (
				E5A9389B7E8575041001DC5E /* Pods-RateMovie.debug.xcconfig */,
				9C34127375FDC9AB6506AD00 /* Pods-RateMovie.release.xcconfig */,
				3059A8FD06899322D6E624FD /* Pods-RateMovie-RateMovieUITests.debug.xcconfig */,
				0A4ECA505CCE8C070BA62FEC /* Pods-RateMovie-RateMovieUITests.release.xcconfig */,
				4A4688B223B93509E1AC8BD1 /* Pods-RateMovieTests.debug.xcconfig */,
				3D8B4790950A62A636887314 /* Pods-RateMovieTests.release.xcconfig */,
				764E0DB24ACC80231846F8B3 /* Pods-RateMovieUITests.debug.xcconfig */,
				911B5078D081B6730056446B /* Pods-RateMovieUITests.release.xcconfig */,
			);
			path = Pods;
			sourceTree = "<group>";
		};
		E622D2912A75938D00A05ACD /* Controller */ = {
			isa = PBXGroup;
			children = (
				E622D2942A7593C300A05ACD /* View */,
				703661A828EEF8A70015667B /* MovieListViewController.swift */,
				E622D2962A75943100A05ACD /* MovieListViewController+CollectionView.swift */,
				E622D2982A75953F00A05ACD /* MovieListViewController+CollectionDelegateFlowLayout.swift */,
			);
			path = Controller;
			sourceTree = "<group>";
		};
		E622D2942A7593C300A05ACD /* View */ = {
			isa = PBXGroup;
			children = (
				703661A928EEF8A70015667B /* MovieListViewController.xib */,
			);
			path = View;
			sourceTree = "<group>";
		};
		E622D2A02A75A07800A05ACD /* Controller */ = {
			isa = PBXGroup;
			children = (
				E622D2A12A75A07C00A05ACD /* View */,
				70F03F8228EFC49F00D016C9 /* MovieDetailsViewController.swift */,
				E622D2A22A75A08900A05ACD /* MovieDetailsViewController+CollectionView.swift */,
				E622D2A42A75A13400A05ACD /* MovieDetailsViewController+CollectionDelegateFlowLayout.swift */,
			);
			path = Controller;
			sourceTree = "<group>";
		};
		E622D2A12A75A07C00A05ACD /* View */ = {
			isa = PBXGroup;
			children = (
				70F03F8328EFC49F00D016C9 /* MovieDetailsViewController.xib */,
			);
			path = View;
			sourceTree = "<group>";
		};
		E630270B2A7A54D300F7714D /* RMDataModels */ = {
			isa = PBXGroup;
			children = (
			);
			path = RMDataModels;
			sourceTree = "<group>";
		};
		E630270D2A7A5BE700F7714D /* Presentation */ = {
			isa = PBXGroup;
			children = (
				E622D2912A75938D00A05ACD /* Controller */,
				7036619828EEF2C80015667B /* ViewModel */,
			);
			path = Presentation;
			sourceTree = "<group>";
		};
		E630270E2A7A5CD900F7714D /* Domain */ = {
			isa = PBXGroup;
			children = (
				E63027102A7A5D1700F7714D /* Interfaces */,
				E630270F2A7A5CFF00F7714D /* UseCases */,
			);
			path = Domain;
			sourceTree = "<group>";
		};
		E630270F2A7A5CFF00F7714D /* UseCases */ = {
			isa = PBXGroup;
			children = (
				70F03F8828F00BAB00D016C9 /* FetchMovieUseCase.swift */,
			);
			path = UseCases;
			sourceTree = "<group>";
		};
		E63027102A7A5D1700F7714D /* Interfaces */ = {
			isa = PBXGroup;
			children = (
				E63027112A7A5DAF00F7714D /* FetchMovieProtocolUseCase.swift */,
			);
			path = Interfaces;
			sourceTree = "<group>";
		};
		E63027132A7A5DD900F7714D /* Presentation */ = {
			isa = PBXGroup;
			children = (
				E622D2A02A75A07800A05ACD /* Controller */,
				7036619D28EEF33B0015667B /* ViewModel */,
			);
			path = Presentation;
			sourceTree = "<group>";
		};
		E63027142A7A5DF600F7714D /* Domain */ = {
			isa = PBXGroup;
			children = (
				E63027152A7A5E3A00F7714D /* Interfaces */,
				E63027162A7A5E4500F7714D /* UseCases */,
			);
			path = Domain;
			sourceTree = "<group>";
		};
		E63027152A7A5E3A00F7714D /* Interfaces */ = {
			isa = PBXGroup;
			children = (
				E63027172A7A5FD100F7714D /* FetchMovieIdSimilarProtocol.swift */,
			);
			path = Interfaces;
			sourceTree = "<group>";
		};
		E63027162A7A5E4500F7714D /* UseCases */ = {
			isa = PBXGroup;
			children = (
				E63027192A7A601600F7714D /* FetchMovieIdSimilarUseCase.swift */,
			);
			path = UseCases;
			sourceTree = "<group>";
		};
		E630271B2A7A604700F7714D /* Presentation */ = {
			isa = PBXGroup;
			children = (
				703661A328EEF38D0015667B /* Controller */,
				703661A228EEF3810015667B /* ViewModel */,
			);
			path = Presentation;
			sourceTree = "<group>";
		};
		E630271C2A7A608700F7714D /* View */ = {
			isa = PBXGroup;
			children = (
				703661A528EEF3E90015667B /* MovieFavouritesViewController.xib */,
			);
			path = View;
			sourceTree = "<group>";
		};
		E630271D2A7A609E00F7714D /* Domain */ = {
			isa = PBXGroup;
			children = (
				E630271E2A7A60B900F7714D /* Interfaces */,
				E630271F2A7A60C900F7714D /* UseCases */,
			);
			path = Domain;
			sourceTree = "<group>";
		};
		E630271E2A7A60B900F7714D /* Interfaces */ = {
			isa = PBXGroup;
			children = (
				E63027202A7A60FC00F7714D /* MovieFavoritesUseCaseProtocol.swift */,
			);
			path = Interfaces;
			sourceTree = "<group>";
		};
		E630271F2A7A60C900F7714D /* UseCases */ = {
			isa = PBXGroup;
			children = (
				E63027222A7A610F00F7714D /* DefaultMovieFavoritesUseCase.swift */,
			);
			path = UseCases;
			sourceTree = "<group>";
		};
		E63027242A7A61A900F7714D /* Data */ = {
			isa = PBXGroup;
			children = (
				E63027252A7A61EC00F7714D /* Repositories */,
				E630272A2A7A63DD00F7714D /* Remote */,
			);
			path = Data;
			sourceTree = "<group>";
		};
		E63027252A7A61EC00F7714D /* Repositories */ = {
			isa = PBXGroup;
			children = (
				E63027262A7A62B500F7714D /* MovieListRepositoryInterface.swift */,
				E63027282A7A636600F7714D /* DefaultMovieListRepository.swift */,
			);
			path = Repositories;
			sourceTree = "<group>";
		};
		E630272A2A7A63DD00F7714D /* Remote */ = {
			isa = PBXGroup;
			children = (
				E630272B2A7A643000F7714D /* MovieListRemoteInterface.swift */,
				E630272D2A7A648D00F7714D /* MovieListRemote.swift */,
			);
			path = Remote;
			sourceTree = "<group>";
		};
		E63027342A7A68BE00F7714D /* Data */ = {
			isa = PBXGroup;
			children = (
				E63027352A7A68CF00F7714D /* Repositories */,
			);
			path = Data;
			sourceTree = "<group>";
		};
		E63027352A7A68CF00F7714D /* Repositories */ = {
			isa = PBXGroup;
			children = (
				E63027372A7A692C00F7714D /* MovieFavouritesInterface.swift */,
				E63027392A7A699200F7714D /* DefaultMovieFavouritesRepository.swift */,
			);
			path = Repositories;
			sourceTree = "<group>";
		};
		E630273B2A7A714700F7714D /* Data */ = {
			isa = PBXGroup;
			children = (
				E630273C2A7A715E00F7714D /* Repositories */,
				E63027412A7A738700F7714D /* Remote */,
			);
			path = Data;
			sourceTree = "<group>";
		};
		E630273C2A7A715E00F7714D /* Repositories */ = {
			isa = PBXGroup;
			children = (
				E630273D2A7A72AD00F7714D /* MovieDetailsRepositoryInterface.swift */,
				E630273F2A7A72BC00F7714D /* DefaultMovieDetailsRepository.swift */,
			);
			path = Repositories;
			sourceTree = "<group>";
		};
		E63027412A7A738700F7714D /* Remote */ = {
			isa = PBXGroup;
			children = (
				E63027422A7A73B900F7714D /* MovieDetailsRemoteInterface.swift */,
				E63027442A7A73CF00F7714D /* MovieDetailsRemote.swift */,
			);
			path = Remote;
			sourceTree = "<group>";
		};
		E63027462A7A78F700F7714D /* RMNetworking */ = {
			isa = PBXGroup;
			children = (
				E63027472A7A790400F7714D /* Endpoint */,
			);
			path = RMNetworking;
			sourceTree = "<group>";
		};
		E63027472A7A790400F7714D /* Endpoint */ = {
			isa = PBXGroup;
			children = (
				E622D28D2A758ED200A05ACD /* Endpoint.swift */,
			);
			path = Endpoint;
			sourceTree = "<group>";
		};
		E6575B682A76962200D2C83F /* RMManager */ = {
			isa = PBXGroup;
			children = (
				E6575B692A76965000D2C83F /* CoreDataStorage */,
				E6575B6E2A76974B00D2C83F /* PersistenceStorage */,
				E6575B6F2A7697B200D2C83F /* Repositories */,
			);
			path = RMManager;
			sourceTree = "<group>";
		};
		E6575B692A76965000D2C83F /* CoreDataStorage */ = {
			isa = PBXGroup;
			children = (
				E6575B6A2A76967700D2C83F /* CoreDataStorage.swift */,
				E6575B6C2A76973400D2C83F /* CoreDataStorageError.swift */,
			);
			path = CoreDataStorage;
			sourceTree = "<group>";
		};
		E6575B6E2A76974B00D2C83F /* PersistenceStorage */ = {
			isa = PBXGroup;
			children = (
				7036616328EEEB7B0015667B /* RateMovie.xcdatamodeld */,
			);
			path = PersistenceStorage;
			sourceTree = "<group>";
		};
		E6575B6F2A7697B200D2C83F /* Repositories */ = {
			isa = PBXGroup;
			children = (
				E6575B702A76985900D2C83F /* Movie */,
			);
			path = Repositories;
			sourceTree = "<group>";
		};
		E6575B702A76985900D2C83F /* Movie */ = {
			isa = PBXGroup;
			children = (
				E6575B782A769BDC00D2C83F /* EntityMapping */,
				E6575B752A7699C000D2C83F /* Main */,
				E6575B712A76989200D2C83F /* LocalMovieRepository.swift */,
				E6575B732A76992000D2C83F /* DefaultMovieLocalRepository.swift */,
			);
			path = Movie;
			sourceTree = "<group>";
		};
		E6575B752A7699C000D2C83F /* Main */ = {
			isa = PBXGroup;
			children = (
				E6575B762A7699D000D2C83F /* CoreDataMovieDataStorage.swift */,
			);
			path = Main;
			sourceTree = "<group>";
		};
		E6575B782A769BDC00D2C83F /* EntityMapping */ = {
			isa = PBXGroup;
			children = (
				E6575B792A769C1300D2C83F /* MoviesFavouritesModel+Mapping.swift */,
				E6575B7B2A769DAA00D2C83F /* MoviesFavourite+DTO.swift */,
			);
			path = EntityMapping;
			sourceTree = "<group>";
		};
		E65BD11D2A79F50500CEEC36 /* RMUtilitiesDataKit */ = {
			isa = PBXGroup;
			children = (
				E622D2AC2A75A76900A05ACD /* Int+Extensions.swift */,
			);
			path = RMUtilitiesDataKit;
			sourceTree = "<group>";
		};
/* End PBXGroup section */

/* Begin PBXNativeTarget section */
		7036615628EEEB7B0015667B /* RateMovie */ = {
			isa = PBXNativeTarget;
			buildConfigurationList = 7036618428EEEB7D0015667B /* Build configuration list for PBXNativeTarget "RateMovie" */;
			buildPhases = (
				9515E271D8EDD7EE51053606 /* [CP] Check Pods Manifest.lock */,
				7036615328EEEB7B0015667B /* Sources */,
				7036615428EEEB7B0015667B /* Frameworks */,
				7036615528EEEB7B0015667B /* Resources */,
				B4FDBF062CFF2E667F755A2A /* [CP] Embed Pods Frameworks */,
			);
			buildRules = (
			);
			dependencies = (
			);
			name = RateMovie;
			productName = RateMovie;
			productReference = 7036615728EEEB7B0015667B /* RateMovie.app */;
			productType = "com.apple.product-type.application";
		};
		7036616F28EEEB7D0015667B /* RateMovieTests */ = {
			isa = PBXNativeTarget;
			buildConfigurationList = 7036618728EEEB7D0015667B /* Build configuration list for PBXNativeTarget "RateMovieTests" */;
			buildPhases = (
				6D1D0A29539387F669536CEE /* [CP] Check Pods Manifest.lock */,
				7036616C28EEEB7D0015667B /* Sources */,
				7036616D28EEEB7D0015667B /* Frameworks */,
				7036616E28EEEB7D0015667B /* Resources */,
			);
			buildRules = (
			);
			dependencies = (
				7036617228EEEB7D0015667B /* PBXTargetDependency */,
			);
			name = RateMovieTests;
			productName = RateMovieTests;
			productReference = 7036617028EEEB7D0015667B /* RateMovieTests.xctest */;
			productType = "com.apple.product-type.bundle.unit-test";
		};
		7036617928EEEB7D0015667B /* RateMovieUITests */ = {
			isa = PBXNativeTarget;
			buildConfigurationList = 7036618A28EEEB7D0015667B /* Build configuration list for PBXNativeTarget "RateMovieUITests" */;
			buildPhases = (
				46694980426171F98F8F8F78 /* [CP] Check Pods Manifest.lock */,
				7036617628EEEB7D0015667B /* Sources */,
				7036617728EEEB7D0015667B /* Frameworks */,
				7036617828EEEB7D0015667B /* Resources */,
			);
			buildRules = (
			);
			dependencies = (
				7036617C28EEEB7D0015667B /* PBXTargetDependency */,
			);
			name = RateMovieUITests;
			productName = RateMovieUITests;
			productReference = 7036617A28EEEB7D0015667B /* RateMovieUITests.xctest */;
			productType = "com.apple.product-type.bundle.ui-testing";
		};
/* End PBXNativeTarget section */

/* Begin PBXProject section */
		7036614F28EEEB7B0015667B /* Project object */ = {
			isa = PBXProject;
			attributes = {
				BuildIndependentTargetsInParallel = 1;
				LastSwiftUpdateCheck = 1400;
				LastUpgradeCheck = 1400;
				TargetAttributes = {
					7036615628EEEB7B0015667B = {
						CreatedOnToolsVersion = 14.0;
					};
					7036616F28EEEB7D0015667B = {
						CreatedOnToolsVersion = 14.0;
						TestTargetID = 7036615628EEEB7B0015667B;
					};
					7036617928EEEB7D0015667B = {
						CreatedOnToolsVersion = 14.0;
						TestTargetID = 7036615628EEEB7B0015667B;
					};
				};
			};
			buildConfigurationList = 7036615228EEEB7B0015667B /* Build configuration list for PBXProject "RateMovie" */;
			compatibilityVersion = "Xcode 14.0";
			developmentRegion = en;
			hasScannedForEncodings = 0;
			knownRegions = (
				en,
				Base,
			);
			mainGroup = 7036614E28EEEB7B0015667B;
			productRefGroup = 7036615828EEEB7B0015667B /* Products */;
			projectDirPath = "";
			projectRoot = "";
			targets = (
				7036615628EEEB7B0015667B /* RateMovie */,
				7036616F28EEEB7D0015667B /* RateMovieTests */,
				7036617928EEEB7D0015667B /* RateMovieUITests */,
			);
		};
/* End PBXProject section */

/* Begin PBXResourcesBuildPhase section */
		7036615528EEEB7B0015667B /* Resources */ = {
			isa = PBXResourcesBuildPhase;
			buildActionMask = 2147483647;
			files = (
				7036616A28EEEB7C0015667B /* LaunchScreen.storyboard in Resources */,
				7036616728EEEB7C0015667B /* Assets.xcassets in Resources */,
				703661A728EEF3E90015667B /* MovieFavouritesViewController.xib in Resources */,
				70F03F8528EFC49F00D016C9 /* MovieDetailsViewController.xib in Resources */,
				703661AB28EEF8A70015667B /* MovieListViewController.xib in Resources */,
			);
			runOnlyForDeploymentPostprocessing = 0;
		};
		7036616E28EEEB7D0015667B /* Resources */ = {
			isa = PBXResourcesBuildPhase;
			buildActionMask = 2147483647;
			files = (
			);
			runOnlyForDeploymentPostprocessing = 0;
		};
		7036617828EEEB7D0015667B /* Resources */ = {
			isa = PBXResourcesBuildPhase;
			buildActionMask = 2147483647;
			files = (
			);
			runOnlyForDeploymentPostprocessing = 0;
		};
/* End PBXResourcesBuildPhase section */

/* Begin PBXShellScriptBuildPhase section */
		46694980426171F98F8F8F78 /* [CP] Check Pods Manifest.lock */ = {
			isa = PBXShellScriptBuildPhase;
			buildActionMask = 2147483647;
			files = (
			);
			inputFileListPaths = (
			);
			inputPaths = (
				"${PODS_PODFILE_DIR_PATH}/Podfile.lock",
				"${PODS_ROOT}/Manifest.lock",
			);
			name = "[CP] Check Pods Manifest.lock";
			outputFileListPaths = (
			);
			outputPaths = (
				"$(DERIVED_FILE_DIR)/Pods-RateMovieUITests-checkManifestLockResult.txt",
			);
			runOnlyForDeploymentPostprocessing = 0;
			shellPath = /bin/sh;
			shellScript = "diff \"${PODS_PODFILE_DIR_PATH}/Podfile.lock\" \"${PODS_ROOT}/Manifest.lock\" > /dev/null\nif [ $? != 0 ] ; then\n    # print error to STDERR\n    echo \"error: The sandbox is not in sync with the Podfile.lock. Run 'pod install' or update your CocoaPods installation.\" >&2\n    exit 1\nfi\n# This output is used by Xcode 'outputs' to avoid re-running this script phase.\necho \"SUCCESS\" > \"${SCRIPT_OUTPUT_FILE_0}\"\n";
			showEnvVarsInLog = 0;
		};
		6D1D0A29539387F669536CEE /* [CP] Check Pods Manifest.lock */ = {
			isa = PBXShellScriptBuildPhase;
			buildActionMask = 2147483647;
			files = (
			);
			inputFileListPaths = (
			);
			inputPaths = (
				"${PODS_PODFILE_DIR_PATH}/Podfile.lock",
				"${PODS_ROOT}/Manifest.lock",
			);
			name = "[CP] Check Pods Manifest.lock";
			outputFileListPaths = (
			);
			outputPaths = (
				"$(DERIVED_FILE_DIR)/Pods-RateMovieTests-checkManifestLockResult.txt",
			);
			runOnlyForDeploymentPostprocessing = 0;
			shellPath = /bin/sh;
			shellScript = "diff \"${PODS_PODFILE_DIR_PATH}/Podfile.lock\" \"${PODS_ROOT}/Manifest.lock\" > /dev/null\nif [ $? != 0 ] ; then\n    # print error to STDERR\n    echo \"error: The sandbox is not in sync with the Podfile.lock. Run 'pod install' or update your CocoaPods installation.\" >&2\n    exit 1\nfi\n# This output is used by Xcode 'outputs' to avoid re-running this script phase.\necho \"SUCCESS\" > \"${SCRIPT_OUTPUT_FILE_0}\"\n";
			showEnvVarsInLog = 0;
		};
		9515E271D8EDD7EE51053606 /* [CP] Check Pods Manifest.lock */ = {
			isa = PBXShellScriptBuildPhase;
			buildActionMask = 2147483647;
			files = (
			);
			inputFileListPaths = (
			);
			inputPaths = (
				"${PODS_PODFILE_DIR_PATH}/Podfile.lock",
				"${PODS_ROOT}/Manifest.lock",
			);
			name = "[CP] Check Pods Manifest.lock";
			outputFileListPaths = (
			);
			outputPaths = (
				"$(DERIVED_FILE_DIR)/Pods-RateMovie-checkManifestLockResult.txt",
			);
			runOnlyForDeploymentPostprocessing = 0;
			shellPath = /bin/sh;
			shellScript = "diff \"${PODS_PODFILE_DIR_PATH}/Podfile.lock\" \"${PODS_ROOT}/Manifest.lock\" > /dev/null\nif [ $? != 0 ] ; then\n    # print error to STDERR\n    echo \"error: The sandbox is not in sync with the Podfile.lock. Run 'pod install' or update your CocoaPods installation.\" >&2\n    exit 1\nfi\n# This output is used by Xcode 'outputs' to avoid re-running this script phase.\necho \"SUCCESS\" > \"${SCRIPT_OUTPUT_FILE_0}\"\n";
			showEnvVarsInLog = 0;
		};
		B4FDBF062CFF2E667F755A2A /* [CP] Embed Pods Frameworks */ = {
			isa = PBXShellScriptBuildPhase;
			buildActionMask = 2147483647;
			files = (
			);
			inputFileListPaths = (
				"${PODS_ROOT}/Target Support Files/Pods-RateMovie/Pods-RateMovie-frameworks-${CONFIGURATION}-input-files.xcfilelist",
			);
			name = "[CP] Embed Pods Frameworks";
			outputFileListPaths = (
				"${PODS_ROOT}/Target Support Files/Pods-RateMovie/Pods-RateMovie-frameworks-${CONFIGURATION}-output-files.xcfilelist",
			);
			runOnlyForDeploymentPostprocessing = 0;
			shellPath = /bin/sh;
			shellScript = "\"${PODS_ROOT}/Target Support Files/Pods-RateMovie/Pods-RateMovie-frameworks.sh\"\n";
			showEnvVarsInLog = 0;
		};
/* End PBXShellScriptBuildPhase section */

/* Begin PBXSourcesBuildPhase section */
		7036615328EEEB7B0015667B /* Sources */ = {
			isa = PBXSourcesBuildPhase;
			buildActionMask = 2147483647;
			files = (
				E6575B722A76989200D2C83F /* LocalMovieRepository.swift in Sources */,
				E6575B7A2A769C1300D2C83F /* MoviesFavouritesModel+Mapping.swift in Sources */,
				E63027452A7A73CF00F7714D /* MovieDetailsRemote.swift in Sources */,
				E622D28E2A758ED200A05ACD /* Endpoint.swift in Sources */,
				E630273A2A7A699200F7714D /* DefaultMovieFavouritesRepository.swift in Sources */,
				E622D2992A75953F00A05ACD /* MovieListViewController+CollectionDelegateFlowLayout.swift in Sources */,
				7036619228EEF03C0015667B /* RootViewController.swift in Sources */,
				7036615B28EEEB7B0015667B /* AppDelegate.swift in Sources */,
				703661A628EEF3E90015667B /* MovieFavouritesViewController.swift in Sources */,
				E63027122A7A5DAF00F7714D /* FetchMovieProtocolUseCase.swift in Sources */,
				E622D2A52A75A13400A05ACD /* MovieDetailsViewController+CollectionDelegateFlowLayout.swift in Sources */,
				E6575B6B2A76967700D2C83F /* CoreDataStorage.swift in Sources */,
				E63027212A7A60FC00F7714D /* MovieFavoritesUseCaseProtocol.swift in Sources */,
				E630272C2A7A643000F7714D /* MovieListRemoteInterface.swift in Sources */,
				703661AF28EEF93F0015667B /* MovieFavouritesViewModel.swift in Sources */,
				E6575B772A7699D000D2C83F /* CoreDataMovieDataStorage.swift in Sources */,
				E63027272A7A62B500F7714D /* MovieListRepositoryInterface.swift in Sources */,
				703661AA28EEF8A70015667B /* MovieListViewController.swift in Sources */,
				E622D2972A75943100A05ACD /* MovieListViewController+CollectionView.swift in Sources */,
				E630272E2A7A648D00F7714D /* MovieListRemote.swift in Sources */,
				E6575B6D2A76973400D2C83F /* CoreDataStorageError.swift in Sources */,
				E63027382A7A692C00F7714D /* MovieFavouritesInterface.swift in Sources */,
				E63027232A7A610F00F7714D /* DefaultMovieFavoritesUseCase.swift in Sources */,
				E6575B742A76992000D2C83F /* DefaultMovieLocalRepository.swift in Sources */,
				E63027432A7A73B900F7714D /* MovieDetailsRemoteInterface.swift in Sources */,
				E630271A2A7A601600F7714D /* FetchMovieIdSimilarUseCase.swift in Sources */,
				70F03F8728EFD95B00D016C9 /* MovieDetailsViewModel.swift in Sources */,
				E6575B7C2A769DAA00D2C83F /* MoviesFavourite+DTO.swift in Sources */,
				E63027182A7A5FD100F7714D /* FetchMovieIdSimilarProtocol.swift in Sources */,
				E630273E2A7A72AD00F7714D /* MovieDetailsRepositoryInterface.swift in Sources */,
				70F03F8928F00BAB00D016C9 /* FetchMovieUseCase.swift in Sources */,
				7036618F28EEEFA80015667B /* TabBarController.swift in Sources */,
				E63027292A7A636600F7714D /* DefaultMovieListRepository.swift in Sources */,
				E622D2A32A75A08900A05ACD /* MovieDetailsViewController+CollectionView.swift in Sources */,
				7036616528EEEB7B0015667B /* RateMovie.xcdatamodeld in Sources */,
				703661BF28EF01CB0015667B /* Observable.swift in Sources */,
				E622D29B2A75966600A05ACD /* MovieFavouritesViewController+TableView.swift in Sources */,
				E622D2AD2A75A76900A05ACD /* Int+Extensions.swift in Sources */,
				7036615D28EEEB7B0015667B /* SceneDelegate.swift in Sources */,
				703661AD28EEF9200015667B /* MovieListViewModel.swift in Sources */,
				70F03F8428EFC49F00D016C9 /* MovieDetailsViewController.swift in Sources */,
				E63027402A7A72BC00F7714D /* DefaultMovieDetailsRepository.swift in Sources */,
			);
			runOnlyForDeploymentPostprocessing = 0;
		};
		7036616C28EEEB7D0015667B /* Sources */ = {
			isa = PBXSourcesBuildPhase;
			buildActionMask = 2147483647;
			files = (
				7036617528EEEB7D0015667B /* RateMovieTests.swift in Sources */,
			);
			runOnlyForDeploymentPostprocessing = 0;
		};
		7036617628EEEB7D0015667B /* Sources */ = {
			isa = PBXSourcesBuildPhase;
			buildActionMask = 2147483647;
			files = (
				7036617F28EEEB7D0015667B /* RateMovieUITests.swift in Sources */,
				7036618128EEEB7D0015667B /* RateMovieUITestsLaunchTests.swift in Sources */,
			);
			runOnlyForDeploymentPostprocessing = 0;
		};
/* End PBXSourcesBuildPhase section */

/* Begin PBXTargetDependency section */
		7036617228EEEB7D0015667B /* PBXTargetDependency */ = {
			isa = PBXTargetDependency;
			target = 7036615628EEEB7B0015667B /* RateMovie */;
			targetProxy = 7036617128EEEB7D0015667B /* PBXContainerItemProxy */;
		};
		7036617C28EEEB7D0015667B /* PBXTargetDependency */ = {
			isa = PBXTargetDependency;
			target = 7036615628EEEB7B0015667B /* RateMovie */;
			targetProxy = 7036617B28EEEB7D0015667B /* PBXContainerItemProxy */;
		};
/* End PBXTargetDependency section */

/* Begin PBXVariantGroup section */
		7036616828EEEB7C0015667B /* LaunchScreen.storyboard */ = {
			isa = PBXVariantGroup;
			children = (
				7036616928EEEB7C0015667B /* Base */,
			);
			name = LaunchScreen.storyboard;
			sourceTree = "<group>";
		};
/* End PBXVariantGroup section */

/* Begin XCBuildConfiguration section */
		7036618228EEEB7D0015667B /* Debug */ = {
			isa = XCBuildConfiguration;
			buildSettings = {
				ALWAYS_SEARCH_USER_PATHS = NO;
				CLANG_ANALYZER_NONNULL = YES;
				CLANG_ANALYZER_NUMBER_OBJECT_CONVERSION = YES_AGGRESSIVE;
				CLANG_CXX_LANGUAGE_STANDARD = "gnu++20";
				CLANG_ENABLE_MODULES = YES;
				CLANG_ENABLE_OBJC_ARC = YES;
				CLANG_ENABLE_OBJC_WEAK = YES;
				CLANG_WARN_BLOCK_CAPTURE_AUTORELEASING = YES;
				CLANG_WARN_BOOL_CONVERSION = YES;
				CLANG_WARN_COMMA = YES;
				CLANG_WARN_CONSTANT_CONVERSION = YES;
				CLANG_WARN_DEPRECATED_OBJC_IMPLEMENTATIONS = YES;
				CLANG_WARN_DIRECT_OBJC_ISA_USAGE = YES_ERROR;
				CLANG_WARN_DOCUMENTATION_COMMENTS = YES;
				CLANG_WARN_EMPTY_BODY = YES;
				CLANG_WARN_ENUM_CONVERSION = YES;
				CLANG_WARN_INFINITE_RECURSION = YES;
				CLANG_WARN_INT_CONVERSION = YES;
				CLANG_WARN_NON_LITERAL_NULL_CONVERSION = YES;
				CLANG_WARN_OBJC_IMPLICIT_RETAIN_SELF = YES;
				CLANG_WARN_OBJC_LITERAL_CONVERSION = YES;
				CLANG_WARN_OBJC_ROOT_CLASS = YES_ERROR;
				CLANG_WARN_QUOTED_INCLUDE_IN_FRAMEWORK_HEADER = YES;
				CLANG_WARN_RANGE_LOOP_ANALYSIS = YES;
				CLANG_WARN_STRICT_PROTOTYPES = YES;
				CLANG_WARN_SUSPICIOUS_MOVE = YES;
				CLANG_WARN_UNGUARDED_AVAILABILITY = YES_AGGRESSIVE;
				CLANG_WARN_UNREACHABLE_CODE = YES;
				CLANG_WARN__DUPLICATE_METHOD_MATCH = YES;
				COPY_PHASE_STRIP = NO;
				DEBUG_INFORMATION_FORMAT = dwarf;
				ENABLE_STRICT_OBJC_MSGSEND = YES;
				ENABLE_TESTABILITY = YES;
				GCC_C_LANGUAGE_STANDARD = gnu11;
				GCC_DYNAMIC_NO_PIC = NO;
				GCC_NO_COMMON_BLOCKS = YES;
				GCC_OPTIMIZATION_LEVEL = 0;
				GCC_PREPROCESSOR_DEFINITIONS = (
					"DEBUG=1",
					"$(inherited)",
				);
				GCC_WARN_64_TO_32_BIT_CONVERSION = YES;
				GCC_WARN_ABOUT_RETURN_TYPE = YES_ERROR;
				GCC_WARN_UNDECLARED_SELECTOR = YES;
				GCC_WARN_UNINITIALIZED_AUTOS = YES_AGGRESSIVE;
				GCC_WARN_UNUSED_FUNCTION = YES;
				GCC_WARN_UNUSED_VARIABLE = YES;
				IPHONEOS_DEPLOYMENT_TARGET = 16.0;
				MTL_ENABLE_DEBUG_INFO = INCLUDE_SOURCE;
				MTL_FAST_MATH = YES;
				ONLY_ACTIVE_ARCH = YES;
				SDKROOT = iphoneos;
				SWIFT_ACTIVE_COMPILATION_CONDITIONS = DEBUG;
				SWIFT_OPTIMIZATION_LEVEL = "-Onone";
			};
			name = Debug;
		};
		7036618328EEEB7D0015667B /* Release */ = {
			isa = XCBuildConfiguration;
			buildSettings = {
				ALWAYS_SEARCH_USER_PATHS = NO;
				CLANG_ANALYZER_NONNULL = YES;
				CLANG_ANALYZER_NUMBER_OBJECT_CONVERSION = YES_AGGRESSIVE;
				CLANG_CXX_LANGUAGE_STANDARD = "gnu++20";
				CLANG_ENABLE_MODULES = YES;
				CLANG_ENABLE_OBJC_ARC = YES;
				CLANG_ENABLE_OBJC_WEAK = YES;
				CLANG_WARN_BLOCK_CAPTURE_AUTORELEASING = YES;
				CLANG_WARN_BOOL_CONVERSION = YES;
				CLANG_WARN_COMMA = YES;
				CLANG_WARN_CONSTANT_CONVERSION = YES;
				CLANG_WARN_DEPRECATED_OBJC_IMPLEMENTATIONS = YES;
				CLANG_WARN_DIRECT_OBJC_ISA_USAGE = YES_ERROR;
				CLANG_WARN_DOCUMENTATION_COMMENTS = YES;
				CLANG_WARN_EMPTY_BODY = YES;
				CLANG_WARN_ENUM_CONVERSION = YES;
				CLANG_WARN_INFINITE_RECURSION = YES;
				CLANG_WARN_INT_CONVERSION = YES;
				CLANG_WARN_NON_LITERAL_NULL_CONVERSION = YES;
				CLANG_WARN_OBJC_IMPLICIT_RETAIN_SELF = YES;
				CLANG_WARN_OBJC_LITERAL_CONVERSION = YES;
				CLANG_WARN_OBJC_ROOT_CLASS = YES_ERROR;
				CLANG_WARN_QUOTED_INCLUDE_IN_FRAMEWORK_HEADER = YES;
				CLANG_WARN_RANGE_LOOP_ANALYSIS = YES;
				CLANG_WARN_STRICT_PROTOTYPES = YES;
				CLANG_WARN_SUSPICIOUS_MOVE = YES;
				CLANG_WARN_UNGUARDED_AVAILABILITY = YES_AGGRESSIVE;
				CLANG_WARN_UNREACHABLE_CODE = YES;
				CLANG_WARN__DUPLICATE_METHOD_MATCH = YES;
				COPY_PHASE_STRIP = NO;
				DEBUG_INFORMATION_FORMAT = "dwarf-with-dsym";
				ENABLE_NS_ASSERTIONS = NO;
				ENABLE_STRICT_OBJC_MSGSEND = YES;
				GCC_C_LANGUAGE_STANDARD = gnu11;
				GCC_NO_COMMON_BLOCKS = YES;
				GCC_WARN_64_TO_32_BIT_CONVERSION = YES;
				GCC_WARN_ABOUT_RETURN_TYPE = YES_ERROR;
				GCC_WARN_UNDECLARED_SELECTOR = YES;
				GCC_WARN_UNINITIALIZED_AUTOS = YES_AGGRESSIVE;
				GCC_WARN_UNUSED_FUNCTION = YES;
				GCC_WARN_UNUSED_VARIABLE = YES;
				IPHONEOS_DEPLOYMENT_TARGET = 16.0;
				MTL_ENABLE_DEBUG_INFO = NO;
				MTL_FAST_MATH = YES;
				SDKROOT = iphoneos;
				SWIFT_COMPILATION_MODE = wholemodule;
				SWIFT_OPTIMIZATION_LEVEL = "-O";
				VALIDATE_PRODUCT = YES;
			};
			name = Release;
		};
		7036618528EEEB7D0015667B /* Debug */ = {
			isa = XCBuildConfiguration;
			baseConfigurationReference = E5A9389B7E8575041001DC5E /* Pods-RateMovie.debug.xcconfig */;
			buildSettings = {
				ASSETCATALOG_COMPILER_APPICON_NAME = AppIcon;
				ASSETCATALOG_COMPILER_GLOBAL_ACCENT_COLOR_NAME = AccentColor;
				CODE_SIGN_STYLE = Automatic;
				CURRENT_PROJECT_VERSION = 1;
				DEVELOPMENT_TEAM = W6NYRRRG5Q;
				GENERATE_INFOPLIST_FILE = YES;
				INFOPLIST_FILE = RateMovie/Info.plist;
				INFOPLIST_KEY_UIApplicationSupportsIndirectInputEvents = YES;
				INFOPLIST_KEY_UILaunchStoryboardName = LaunchScreen;
				INFOPLIST_KEY_UISupportedInterfaceOrientations_iPad = "UIInterfaceOrientationPortrait UIInterfaceOrientationPortraitUpsideDown UIInterfaceOrientationLandscapeLeft UIInterfaceOrientationLandscapeRight";
				INFOPLIST_KEY_UISupportedInterfaceOrientations_iPhone = "UIInterfaceOrientationPortrait UIInterfaceOrientationLandscapeLeft UIInterfaceOrientationLandscapeRight";
				LD_RUNPATH_SEARCH_PATHS = (
					"$(inherited)",
					"@executable_path/Frameworks",
				);
				MARKETING_VERSION = 1.0;
				PRODUCT_BUNDLE_IDENTIFIER = com.dhikadityre.RateMovie;
				PRODUCT_NAME = "$(TARGET_NAME)";
				SWIFT_EMIT_LOC_STRINGS = YES;
				SWIFT_VERSION = 5.0;
				TARGETED_DEVICE_FAMILY = "1,2";
			};
			name = Debug;
		};
		7036618628EEEB7D0015667B /* Release */ = {
			isa = XCBuildConfiguration;
			baseConfigurationReference = 9C34127375FDC9AB6506AD00 /* Pods-RateMovie.release.xcconfig */;
			buildSettings = {
				ASSETCATALOG_COMPILER_APPICON_NAME = AppIcon;
				ASSETCATALOG_COMPILER_GLOBAL_ACCENT_COLOR_NAME = AccentColor;
				CODE_SIGN_STYLE = Automatic;
				CURRENT_PROJECT_VERSION = 1;
				DEVELOPMENT_TEAM = W6NYRRRG5Q;
				GENERATE_INFOPLIST_FILE = YES;
				INFOPLIST_FILE = RateMovie/Info.plist;
				INFOPLIST_KEY_UIApplicationSupportsIndirectInputEvents = YES;
				INFOPLIST_KEY_UILaunchStoryboardName = LaunchScreen;
				INFOPLIST_KEY_UISupportedInterfaceOrientations_iPad = "UIInterfaceOrientationPortrait UIInterfaceOrientationPortraitUpsideDown UIInterfaceOrientationLandscapeLeft UIInterfaceOrientationLandscapeRight";
				INFOPLIST_KEY_UISupportedInterfaceOrientations_iPhone = "UIInterfaceOrientationPortrait UIInterfaceOrientationLandscapeLeft UIInterfaceOrientationLandscapeRight";
				LD_RUNPATH_SEARCH_PATHS = (
					"$(inherited)",
					"@executable_path/Frameworks",
				);
				MARKETING_VERSION = 1.0;
				PRODUCT_BUNDLE_IDENTIFIER = com.dhikadityre.RateMovie;
				PRODUCT_NAME = "$(TARGET_NAME)";
				SWIFT_EMIT_LOC_STRINGS = YES;
				SWIFT_VERSION = 5.0;
				TARGETED_DEVICE_FAMILY = "1,2";
			};
			name = Release;
		};
		7036618828EEEB7D0015667B /* Debug */ = {
			isa = XCBuildConfiguration;
			baseConfigurationReference = 4A4688B223B93509E1AC8BD1 /* Pods-RateMovieTests.debug.xcconfig */;
			buildSettings = {
				ALWAYS_EMBED_SWIFT_STANDARD_LIBRARIES = YES;
				BUNDLE_LOADER = "$(TEST_HOST)";
				CODE_SIGN_STYLE = Automatic;
				CURRENT_PROJECT_VERSION = 1;
				DEVELOPMENT_TEAM = W6NYRRRG5Q;
				GENERATE_INFOPLIST_FILE = YES;
				IPHONEOS_DEPLOYMENT_TARGET = 16.0;
				MARKETING_VERSION = 1.0;
				PRODUCT_BUNDLE_IDENTIFIER = com.dhikadityre.RateMovieTests;
				PRODUCT_NAME = "$(TARGET_NAME)";
				SWIFT_EMIT_LOC_STRINGS = NO;
				SWIFT_VERSION = 5.0;
				TARGETED_DEVICE_FAMILY = "1,2";
				TEST_HOST = "$(BUILT_PRODUCTS_DIR)/RateMovie.app/$(BUNDLE_EXECUTABLE_FOLDER_PATH)/RateMovie";
			};
			name = Debug;
		};
		7036618928EEEB7D0015667B /* Release */ = {
			isa = XCBuildConfiguration;
			baseConfigurationReference = 3D8B4790950A62A636887314 /* Pods-RateMovieTests.release.xcconfig */;
			buildSettings = {
				ALWAYS_EMBED_SWIFT_STANDARD_LIBRARIES = YES;
				BUNDLE_LOADER = "$(TEST_HOST)";
				CODE_SIGN_STYLE = Automatic;
				CURRENT_PROJECT_VERSION = 1;
				DEVELOPMENT_TEAM = W6NYRRRG5Q;
				GENERATE_INFOPLIST_FILE = YES;
				IPHONEOS_DEPLOYMENT_TARGET = 16.0;
				MARKETING_VERSION = 1.0;
				PRODUCT_BUNDLE_IDENTIFIER = com.dhikadityre.RateMovieTests;
				PRODUCT_NAME = "$(TARGET_NAME)";
				SWIFT_EMIT_LOC_STRINGS = NO;
				SWIFT_VERSION = 5.0;
				TARGETED_DEVICE_FAMILY = "1,2";
				TEST_HOST = "$(BUILT_PRODUCTS_DIR)/RateMovie.app/$(BUNDLE_EXECUTABLE_FOLDER_PATH)/RateMovie";
			};
			name = Release;
		};
		7036618B28EEEB7D0015667B /* Debug */ = {
			isa = XCBuildConfiguration;
			baseConfigurationReference = 764E0DB24ACC80231846F8B3 /* Pods-RateMovieUITests.debug.xcconfig */;
			buildSettings = {
				ALWAYS_EMBED_SWIFT_STANDARD_LIBRARIES = YES;
				CODE_SIGN_STYLE = Automatic;
				CURRENT_PROJECT_VERSION = 1;
				DEVELOPMENT_TEAM = W6NYRRRG5Q;
				GENERATE_INFOPLIST_FILE = YES;
				MARKETING_VERSION = 1.0;
				PRODUCT_BUNDLE_IDENTIFIER = com.dhikadityre.RateMovieUITests;
				PRODUCT_NAME = "$(TARGET_NAME)";
				SWIFT_EMIT_LOC_STRINGS = NO;
				SWIFT_VERSION = 5.0;
				TARGETED_DEVICE_FAMILY = "1,2";
				TEST_TARGET_NAME = RateMovie;
			};
			name = Debug;
		};
		7036618C28EEEB7D0015667B /* Release */ = {
			isa = XCBuildConfiguration;
			baseConfigurationReference = 911B5078D081B6730056446B /* Pods-RateMovieUITests.release.xcconfig */;
			buildSettings = {
				ALWAYS_EMBED_SWIFT_STANDARD_LIBRARIES = YES;
				CODE_SIGN_STYLE = Automatic;
				CURRENT_PROJECT_VERSION = 1;
				DEVELOPMENT_TEAM = W6NYRRRG5Q;
				GENERATE_INFOPLIST_FILE = YES;
				MARKETING_VERSION = 1.0;
				PRODUCT_BUNDLE_IDENTIFIER = com.dhikadityre.RateMovieUITests;
				PRODUCT_NAME = "$(TARGET_NAME)";
				SWIFT_EMIT_LOC_STRINGS = NO;
				SWIFT_VERSION = 5.0;
				TARGETED_DEVICE_FAMILY = "1,2";
				TEST_TARGET_NAME = RateMovie;
			};
			name = Release;
		};
/* End XCBuildConfiguration section */

/* Begin XCConfigurationList section */
		7036615228EEEB7B0015667B /* Build configuration list for PBXProject "RateMovie" */ = {
			isa = XCConfigurationList;
			buildConfigurations = (
				7036618228EEEB7D0015667B /* Debug */,
				7036618328EEEB7D0015667B /* Release */,
			);
			defaultConfigurationIsVisible = 0;
			defaultConfigurationName = Release;
		};
		7036618428EEEB7D0015667B /* Build configuration list for PBXNativeTarget "RateMovie" */ = {
			isa = XCConfigurationList;
			buildConfigurations = (
				7036618528EEEB7D0015667B /* Debug */,
				7036618628EEEB7D0015667B /* Release */,
			);
			defaultConfigurationIsVisible = 0;
			defaultConfigurationName = Release;
		};
		7036618728EEEB7D0015667B /* Build configuration list for PBXNativeTarget "RateMovieTests" */ = {
			isa = XCConfigurationList;
			buildConfigurations = (
				7036618828EEEB7D0015667B /* Debug */,
				7036618928EEEB7D0015667B /* Release */,
			);
			defaultConfigurationIsVisible = 0;
			defaultConfigurationName = Release;
		};
		7036618A28EEEB7D0015667B /* Build configuration list for PBXNativeTarget "RateMovieUITests" */ = {
			isa = XCConfigurationList;
			buildConfigurations = (
				7036618B28EEEB7D0015667B /* Debug */,
				7036618C28EEEB7D0015667B /* Release */,
			);
			defaultConfigurationIsVisible = 0;
			defaultConfigurationName = Release;
		};
/* End XCConfigurationList section */

/* Begin XCVersionGroup section */
		7036616328EEEB7B0015667B /* RateMovie.xcdatamodeld */ = {
			isa = XCVersionGroup;
			children = (
				7036616428EEEB7B0015667B /* RateMovie.xcdatamodel */,
			);
			currentVersion = 7036616428EEEB7B0015667B /* RateMovie.xcdatamodel */;
			path = RateMovie.xcdatamodeld;
			sourceTree = "<group>";
			versionGroupType = wrapper.xcdatamodel;
		};
/* End XCVersionGroup section */
	};
	rootObject = 7036614F28EEEB7B0015667B /* Project object */;
}
